# generated by rye
# use `rye lock` or `rye sync` to update this lockfile
#
# last locked with the following flags:
#   pre: false
#   features: []
#   all-features: false
#   with-sources: false

-e file:.
absl-py==2.1.0
    # via tensorboard
attrs==24.2.0
    # via cattrs
    # via mlagents
cachetools==5.5.0
    # via google-auth
cattrs==1.0.0
    # via mlagents
certifi==2024.8.30
    # via requests
charset-normalizer==3.4.0
    # via requests
cloudpickle==2.2.1
    # via mlagents-envs
google-auth==2.35.0
    # via google-auth-oauthlib
    # via tensorboard
google-auth-oauthlib==0.4.6
    # via tensorboard
grpcio==1.62.3
    # via mlagents
    # via mlagents-envs
    # via tensorboard
h5py==3.8.0
    # via mlagents
idna==3.10
    # via requests
importlib-metadata==4.4.0
    # via 2024-openhouse-toio
    # via attrs
    # via markdown
    # via mlagents
markdown==3.4.4
    # via tensorboard
markupsafe==2.1.5
    # via werkzeug
mlagents==0.27.0
    # via 2024-openhouse-toio
mlagents-envs==0.27.0
    # via mlagents
numpy==1.21.6
    # via h5py
    # via mlagents
    # via mlagents-envs
    # via tensorboard
    # via torch
oauthlib==3.2.2
    # via requests-oauthlib
pillow==9.5.0
    # via mlagents
    # via mlagents-envs
protobuf==3.20.3
    # via mlagents
    # via mlagents-envs
    # via tensorboard
pyasn1==0.5.1
    # via pyasn1-modules
    # via rsa
pyasn1-modules==0.3.0
    # via google-auth
pypiwin32==223
    # via mlagents
pywin32==308
    # via pypiwin32
pyyaml==6.0.1
    # via mlagents
    # via mlagents-envs
requests==2.31.0
    # via requests-oauthlib
    # via tensorboard
requests-oauthlib==2.0.0
    # via google-auth-oauthlib
rsa==4.9
    # via google-auth
six==1.16.0
    # via 2024-openhouse-toio
tensorboard==2.11.2
    # via mlagents
tensorboard-data-server==0.6.1
    # via tensorboard
tensorboard-plugin-wit==1.8.1
    # via tensorboard
torch==1.7.1+cu110
    # via 2024-openhouse-toio
typing-extensions==4.7.1
    # via importlib-metadata
    # via torch
urllib3==2.0.7
    # via requests
werkzeug==2.2.3
    # via tensorboard
wheel==0.42.0
    # via tensorboard
zipp==3.15.0
    # via importlib-metadata
setuptools==68.0.0
    # via tensorboard
